{
  "name": "@compute/state-model",
  "version": "0.1.0",
  "lockfileVersion": 3,
  "requires": true,
  "packages": {
    "": {
      "name": "@compute/state-model",
      "version": "0.1.0",
      "devDependencies": {
        "@feltdb/core": "0.11.9"
      },
      "engines": {
        "node": ">=20"
      }
    },
    "node_modules/@feltdb/core": {
      "version": "0.11.9",
      "resolved": "https://registry.npmjs.org/@feltdb/core/-/core-0.11.9.tgz",
      "integrity": "sha512-aaLA+ZjixsU8CVLPA+SKgONfi++9QYEbVDLbzqpU7NdJsql1n7MRBFNh2ah+6lRbHEvgwSO9EGbsebMUWLBwIA==",
      "dev": true,
      "license": "MIT",
      "bin": {
        "create-feltdb": "bin/create-feltdb.js",
        "feltdb": "bin/feltdb.js"
      },
      "engines": {
        "node": ">=14"
      },
      "peerDependencies": {
        "react": "^16.8.0 || ^17.0.0 || ^18.0.0 || ^19.0.0",
        "react-dom": "^16.8.0 || ^17.0.0 || ^18.0.0 || ^19.0.0",
        "react-router-dom": "^7.0.0"
      },
      "peerDependenciesMeta": {
        "react": {
          "optional": true
        },
        "react-dom": {
          "optional": true
        },
        "react-router-dom": {
          "optional": true
        }
      }
    }
  }
}
