{
  "name": "@compute/appport",
  "version": "0.1.0",
  "lockfileVersion": 3,
  "requires": true,
  "packages": {
    "": {
      "name": "@compute/appport",
      "version": "0.1.0",
      "dependencies": {
        "@appport/authorization": "1.0.1",
        "@appport/core": "1.0.2",
        "@appport/protocol": "1.0.1",
        "@appport/schema": "1.0.1"
      },
      "devDependencies": {
        "@types/node": "^24.0.0",
        "typescript": "^5.9.0"
      },
      "engines": {
        "node": ">=20"
      }
    },
    "node_modules/@appport/authorization": {
      "version": "1.0.1",
      "resolved": "https://registry.npmjs.org/@appport/authorization/-/authorization-1.0.1.tgz",
      "integrity": "sha512-jno2KU8PfZ3uGH6tUWfjm4cWsOuU6fbn/GibrN7zbP5Vnwzcp37yy6kGlnwoDizX2h/dOWbllbtTEh0wQv4wNg==",
      "license": "Apache-2.0",
      "dependencies": {
        "@appport/protocol": "1.0.1"
      }
    },
    "node_modules/@appport/core": {
      "version": "1.0.2",
      "resolved": "https://registry.npmjs.org/@appport/core/-/core-1.0.2.tgz",
      "integrity": "sha512-BM96ivWAkM7GY6wmZS073Lhvecv0aRGDO0YJL+4BQANq++hpllLF0CfITw4WOijURxhNATuCvlFsedYtyG2PHw==",
      "license": "Apache-2.0",
      "dependencies": {
        "@appport/authorization": "1.0.1",
        "@appport/protocol": "1.0.1",
        "@appport/schema": "1.0.1"
      },
      "engines": {
        "node": ">=20"
      }
    },
    "node_modules/@appport/protocol": {
      "version": "1.0.1",
      "resolved": "https://registry.npmjs.org/@appport/protocol/-/protocol-1.0.1.tgz",
      "integrity": "sha512-mlyLQyjHbRRJZqRG3vc0Kcnc6O7uDjTIpy3DROJgTueGI7f/qZrcBWzack+I4ZS/fPcAmkoAGyxDnMF8OmjFTg==",
      "license": "Apache-2.0"
    },
    "node_modules/@appport/schema": {
      "version": "1.0.1",
      "resolved": "https://registry.npmjs.org/@appport/schema/-/schema-1.0.1.tgz",
      "integrity": "sha512-Y7T2X2jk5BBAATtu0QtUiajnJn1S0hvYXnE8cl+vmPmZXPXjrD3PQC5fEO0J9kUtYJGNwMP2rFjisKImnwN5sw==",
      "license": "Apache-2.0",
      "dependencies": {
        "@appport/protocol": "1.0.1"
      }
    },
    "node_modules/@types/node": {
      "version": "24.13.6",
      "resolved": "https://registry.npmjs.org/@types/node/-/node-24.13.6.tgz",
      "integrity": "sha512-SGrw/h3KPFshy3OE6ZL53LMBG5vGQQ8/gIpiqz/kRZhPJ7HgwCEs8LBuNtWLa8dvGZVpSF7+Bf+c11HUrCb/yg==",
      "dev": true,
      "license": "MIT",
      "dependencies": {
        "undici-types": "~7.18.0"
      }
    },
    "node_modules/typescript": {
      "version": "5.9.3",
      "resolved": "https://registry.npmjs.org/typescript/-/typescript-5.9.3.tgz",
      "integrity": "sha512-jl1vZzPDinLr9eUt3J/t7V6FgNEw9QjvBPdysz9KfQDD41fQrC2Y4vKQdiaUpFT4bXlb1RHhLpp8wtm6M5TgSw==",
      "dev": true,
      "license": "Apache-2.0",
      "bin": {
        "tsc": "bin/tsc",
        "tsserver": "bin/tsserver"
      },
      "engines": {
        "node": ">=14.17"
      }
    },
    "node_modules/undici-types": {
      "version": "7.18.2",
      "resolved": "https://registry.npmjs.org/undici-types/-/undici-types-7.18.2.tgz",
      "integrity": "sha512-AsuCzffGHJybSaRrmr5eHr81mwJU3kjw6M+uprWvCXiNeN9SOGwQ3Jn8jb8m3Z6izVgknn1R0FTCEAP2QrLY/w==",
      "dev": true,
      "license": "MIT"
    }
  }
}
