{
  "name": "@compute/appport",
  "version": "0.1.0",
  "lockfileVersion": 3,
  "requires": true,
  "packages": {
    "": {
      "name": "@compute/appport",
      "version": "0.1.0",
      "dependencies": {
        "@appport/authorization": "1.0.2",
        "@appport/core": "1.0.3",
        "@appport/protocol": "1.0.2",
        "@appport/schema": "1.0.2"
      },
      "devDependencies": {
        "@types/node": "^24.0.0",
        "typescript": "^5.9.0"
      },
      "engines": {
        "node": ">=20"
      }
    },
    "node_modules/@appport/authorization": {
      "version": "1.0.2",
      "resolved": "https://registry.npmjs.org/@appport/authorization/-/authorization-1.0.2.tgz",
      "integrity": "sha512-PRzRJ6286vByp/t265QLK53rRwQXLpIpvygTw2qh7xEjan64ElZ3aFu/QqTZh77kT+DGr50Zgc+YAEjc867rLg==",
      "license": "Apache-2.0",
      "dependencies": {
        "@appport/protocol": "1.0.2"
      }
    },
    "node_modules/@appport/core": {
      "version": "1.0.3",
      "resolved": "https://registry.npmjs.org/@appport/core/-/core-1.0.3.tgz",
      "integrity": "sha512-1R9zypZlGZKgJVH6PTP2Sv/DFF3PA5KRs559qMyeLVQio0Mk7fJ03IDi9bmU/OKoJCbLERlskD2RNKlO2+yAqA==",
      "license": "Apache-2.0",
      "dependencies": {
        "@appport/authorization": "1.0.2",
        "@appport/protocol": "1.0.2",
        "@appport/schema": "1.0.2"
      },
      "engines": {
        "node": ">=20"
      }
    },
    "node_modules/@appport/protocol": {
      "version": "1.0.2",
      "resolved": "https://registry.npmjs.org/@appport/protocol/-/protocol-1.0.2.tgz",
      "integrity": "sha512-H7mgd0k9dAmH0hrwoTmc9bacvywN0p4BMiPnAPSRMFhm5CLL6wbL5I+tKn4H5DsW8BMt8zd2UDJxpl1Y/xWHww==",
      "license": "Apache-2.0"
    },
    "node_modules/@appport/schema": {
      "version": "1.0.2",
      "resolved": "https://registry.npmjs.org/@appport/schema/-/schema-1.0.2.tgz",
      "integrity": "sha512-agxz785gdmJ13qR/DlHTI28hUkdjusYsPi//4P6DX3vb4fNr3svuEH8G7ePcpg/NGxHRBZgbfZYV3PPVpvKEPg==",
      "license": "Apache-2.0",
      "dependencies": {
        "@appport/protocol": "1.0.2"
      }
    },
    "node_modules/@types/node": {
      "version": "24.13.6",
      "resolved": "https://registry.npmjs.org/@types/node/-/node-24.13.6.tgz",
      "integrity": "sha512-SGrw/h3KPFshy3OE6ZL53LMBG5vGQQ8/gIpiqz/kRZhPJ7HgwCEs8LBuNtWLa8dvGZVpSF7+Bf+c11HUrCb/yg==",
      "dev": true,
      "license": "MIT",
      "dependencies": {
        "undici-types": "~7.18.0"
      }
    },
    "node_modules/typescript": {
      "version": "5.9.3",
      "resolved": "https://registry.npmjs.org/typescript/-/typescript-5.9.3.tgz",
      "integrity": "sha512-jl1vZzPDinLr9eUt3J/t7V6FgNEw9QjvBPdysz9KfQDD41fQrC2Y4vKQdiaUpFT4bXlb1RHhLpp8wtm6M5TgSw==",
      "dev": true,
      "license": "Apache-2.0",
      "bin": {
        "tsc": "bin/tsc",
        "tsserver": "bin/tsserver"
      },
      "engines": {
        "node": ">=14.17"
      }
    },
    "node_modules/undici-types": {
      "version": "7.18.2",
      "resolved": "https://registry.npmjs.org/undici-types/-/undici-types-7.18.2.tgz",
      "integrity": "sha512-AsuCzffGHJybSaRrmr5eHr81mwJU3kjw6M+uprWvCXiNeN9SOGwQ3Jn8jb8m3Z6izVgknn1R0FTCEAP2QrLY/w==",
      "dev": true,
      "license": "MIT"
    }
  }
}
